// !$*UTF8*$!
{
	archiveVersion = 1;
	classes = {
	};
	objectVersion = 38;
	objects = {
		001236E302FF37C400CA2268 = {
			fileRef = ECD7B66D01C001230DCA2268;
			isa = PBXBuildFile;
			settings = {
			};
		};
		0018B18D02F6E72400CA2268 = {
			isa = PBXFileReference;
			path = MMInfoView.h;
			refType = 4;
		};
		0018B18E02F6E72400CA2268 = {
			isa = PBXFileReference;
			path = MMInfoView.m;
			refType = 4;
		};
		0018B18F02F6E72400CA2268 = {
			fileRef = 0018B18D02F6E72400CA2268;
			isa = PBXBuildFile;
			settings = {
			};
		};
		0018B19002F6E72400CA2268 = {
			fileRef = 0018B18E02F6E72400CA2268;
			isa = PBXBuildFile;
			settings = {
			};
		};
		006D39C302104C7900CA2268 = {
			children = (
				006D39C402104C7900CA2268,
			);
			isa = PBXVariantGroup;
			name = MMIcon.icns;
			path = "";
			refType = 4;
		};
		006D39C402104C7900CA2268 = {
			isa = PBXFileReference;
			name = English;
			path = English.lproj/MMIcon.icns;
			refType = 4;
		};
		006D39C502104C7900CA2268 = {
			fileRef = 006D39C302104C7900CA2268;
			isa = PBXBuildFile;
			settings = {
			};
		};
		0075D62602E37B5800CA2268 = {
			children = (
				0075D62702E37B5800CA2268,
				0075D62802E37B5800CA2268,
			);
			isa = PBXGroup;
			name = graphics;
			path = English.lproj/graphics;
			refType = 2;
		};
		0075D62702E37B5800CA2268 = {
			isa = PBXFileReference;
			path = LeftArrow.tiff;
			refType = 4;
		};
		0075D62802E37B5800CA2268 = {
			isa = PBXFileReference;
			path = RightArrow.tiff;
			refType = 4;
		};
		0075D62902E37B5800CA2268 = {
			fileRef = 0075D62702E37B5800CA2268;
			isa = PBXBuildFile;
			settings = {
			};
		};
		0075D62A02E37B5800CA2268 = {
			fileRef = 0075D62802E37B5800CA2268;
			isa = PBXBuildFile;
			settings = {
			};
		};
		00AA377402EF220F00CA2268 = {
			isa = PBXFileReference;
			path = TraceBinWriteTracker.h;
			refType = 4;
		};
		00B710E302F9B13000CA2268 = {
			fileRef = 00AA377402EF220F00CA2268;
			isa = PBXBuildFile;
			settings = {
			};
		};
		00D5BCA602F21AFD00CA2268 = {
			isa = PBXFileReference;
			path = DisplayPoint.c;
			refType = 4;
		};
		00D5BCA702F21AFD00CA2268 = {
			fileRef = 00D5BCA602F21AFD00CA2268;
			isa = PBXBuildFile;
			settings = {
			};
		};
		00FC656A02198E3C00CA2268 = {
			isa = PBXFrameworkReference;
			name = Kernel.framework;
			path = /System/Library/Frameworks/Kernel.framework;
			refType = 0;
		};
//000
//001
//002
//003
//004
//080
//081
//082
//083
//084
		080E96DCFE201CFB7F000001 = {
			fileRef = 29B97318FDCFA39411CA2CEA;
			isa = PBXBuildFile;
			settings = {
			};
		};
		080E96DDFE201D6D7F000001 = {
			children = (
				EC7062BE02E36CCB0DCA2268,
				EC7062C202E36CCB0DCA2268,
			);
			isa = PBXGroup;
			name = Classes;
			refType = 4;
		};
		089C165CFE840E0CC02AAC07 = {
			children = (
				089C165DFE840E0CC02AAC07,
			);
			isa = PBXVariantGroup;
			name = InfoPlist.strings;
			refType = 4;
		};
		089C165DFE840E0CC02AAC07 = {
			fileEncoding = 10;
			isa = PBXFileReference;
			name = English;
			path = English.lproj/InfoPlist.strings;
			refType = 4;
		};
		089C165EFE840E0CC02AAC07 = {
			fileRef = 089C165CFE840E0CC02AAC07;
			isa = PBXBuildFile;
			settings = {
			};
		};
//080
//081
//082
//083
//084
//100
//101
//102
//103
//104
		1058C7A0FEA54F0111CA2CBB = {
			children = (
				00FC656A02198E3C00CA2268,
				ECD7B66D01C001230DCA2268,
				1058C7A1FEA54F0111CA2CBB,
			);
			isa = PBXGroup;
			name = "Linked Frameworks";
			refType = 4;
		};
		1058C7A1FEA54F0111CA2CBB = {
			isa = PBXFrameworkReference;
			name = Cocoa.framework;
			path = /System/Library/Frameworks/Cocoa.framework;
			refType = 0;
		};
		1058C7A2FEA54F0111CA2CBB = {
			children = (
				29B97325FDCFA39411CA2CEA,
				29B97324FDCFA39411CA2CEA,
			);
			isa = PBXGroup;
			name = "Other Frameworks";
			refType = 4;
		};
		1058C7A3FEA54F0111CA2CBB = {
			fileRef = 1058C7A1FEA54F0111CA2CBB;
			isa = PBXBuildFile;
			settings = {
			};
		};
//100
//101
//102
//103
//104
//170
//171
//172
//173
//174
		17587328FF379C6511CA2CBB = {
			isa = PBXApplicationReference;
			path = MillionMonkeys.app;
			refType = 3;
		};
//170
//171
//172
//173
//174
//190
//191
//192
//193
//194
		19C28FACFE9D520D11CA2CBB = {
			children = (
				17587328FF379C6511CA2CBB,
			);
			isa = PBXGroup;
			name = Products;
			refType = 4;
		};
//190
//191
//192
//193
//194
//290
//291
//292
//293
//294
		29B97313FDCFA39411CA2CEA = {
			buildStyles = (
				4A9504CCFFE6A4B311CA0CBA,
				4A9504CDFFE6A4B311CA0CBA,
			);
			isa = PBXProject;
			mainGroup = 29B97314FDCFA39411CA2CEA;
			projectDirPath = "";
			targets = (
				29B97326FDCFA39411CA2CEA,
			);
		};
		29B97314FDCFA39411CA2CEA = {
			children = (
				080E96DDFE201D6D7F000001,
				29B97315FDCFA39411CA2CEA,
				29B97317FDCFA39411CA2CEA,
				29B97323FDCFA39411CA2CEA,
				19C28FACFE9D520D11CA2CBB,
			);
			isa = PBXGroup;
			name = SchedulerSmackdown;
			path = "";
			refType = 4;
		};
		29B97315FDCFA39411CA2CEA = {
			children = (
				29B97316FDCFA39411CA2CEA,
			);
			isa = PBXGroup;
			name = "Other Sources";
			path = "";
			refType = 4;
		};
		29B97316FDCFA39411CA2CEA = {
			fileEncoding = 30;
			isa = PBXFileReference;
			name = main.m;
			path = Source/Application/main.m;
			refType = 4;
		};
		29B97317FDCFA39411CA2CEA = {
			children = (
				29B97318FDCFA39411CA2CEA,
				089C165CFE840E0CC02AAC07,
				006D39C302104C7900CA2268,
				0075D62602E37B5800CA2268,
			);
			isa = PBXGroup;
			name = Resources;
			path = "";
			refType = 4;
		};
		29B97318FDCFA39411CA2CEA = {
			children = (
				29B97319FDCFA39411CA2CEA,
			);
			isa = PBXVariantGroup;
			name = MainMenu.nib;
			path = "";
			refType = 4;
		};
		29B97319FDCFA39411CA2CEA = {
			isa = PBXFileReference;
			name = English;
			path = English.lproj/MainMenu.nib;
			refType = 4;
		};
		29B97323FDCFA39411CA2CEA = {
			children = (
				1058C7A0FEA54F0111CA2CBB,
				1058C7A2FEA54F0111CA2CBB,
			);
			isa = PBXGroup;
			name = Frameworks;
			path = "";
			refType = 4;
		};
		29B97324FDCFA39411CA2CEA = {
			isa = PBXFrameworkReference;
			name = AppKit.framework;
			path = /System/Library/Frameworks/AppKit.framework;
			refType = 0;
		};
		29B97325FDCFA39411CA2CEA = {
			isa = PBXFrameworkReference;
			name = Foundation.framework;
			path = /System/Library/Frameworks/Foundation.framework;
			refType = 0;
		};
		29B97326FDCFA39411CA2CEA = {
			buildPhases = (
				29B97327FDCFA39411CA2CEA,
				29B97328FDCFA39411CA2CEA,
				29B9732BFDCFA39411CA2CEA,
				29B9732DFDCFA39411CA2CEA,
			);
			buildSettings = {
				FRAMEWORK_SEARCH_PATHS = "";
				HEADER_SEARCH_PATHS = "";
				INSTALL_PATH = "$(HOME)/Applications";
				LIBRARY_SEARCH_PATHS = "";
				OPTIMIZATION_CFLAGS = "-O3";
				OTHER_CFLAGS = "";
				OTHER_LDFLAGS = "";
				PRODUCT_NAME = MillionMonkeys;
				SECTORDER_FLAGS = "";
				WARNING_CFLAGS = "-Wmost -Wno-four-char-constants -Wno-unknown-pragmas";
				WRAPPER_EXTENSION = app;
			};
			dependencies = (
			);
			isa = PBXApplicationTarget;
			name = MillionMonkeys;
			productInstallPath = "$(HOME)/Applications";
			productName = SchedulerSmackdown;
			productReference = 17587328FF379C6511CA2CBB;
			productSettingsXML = "<?xml version=\"1.0\" encoding=\"UTF-8\"?>
<!DOCTYPE plist PUBLIC \"-//Apple Computer//DTD PLIST 1.0//EN\" \"http://www.apple.com/DTDs/PropertyList-1.0.dtd\">
<plist version=\"1.0\">
<dict>
	<key>CFBundleDevelopmentRegion</key>
	<string>English</string>
	<key>CFBundleExecutable</key>
	<string>MillionMonkeys</string>
	<key>CFBundleGetInfoString</key>
	<string>CoreAudio's Scheduler profiling tool</string>
	<key>CFBundleIconFile</key>
	<string>MMIcon.icns</string>
	<key>CFBundleInfoDictionaryVersion</key>
	<string>6.0</string>
	<key>CFBundleName</key>
	<string>MillionMonkeys</string>
	<key>CFBundlePackageType</key>
	<string>APPL</string>
	<key>CFBundleShortVersionString</key>
	<string>2.0</string>
	<key>CFBundleSignature</key>
	<string>MMKY</string>
	<key>CFBundleVersion</key>
	<string>2.0</string>
	<key>NSMainNibFile</key>
	<string>MainMenu</string>
	<key>NSPrincipalClass</key>
	<string>NSApplication</string>
</dict>
</plist>
";
			shouldUseHeadermap = 1;
		};
		29B97327FDCFA39411CA2CEA = {
			buildActionMask = 2147483647;
			files = (
				EC7062DB02E36CCB0DCA2268,
				EC7062DD02E36CCB0DCA2268,
				EC7062DE02E36CCB0DCA2268,
				EC7062E002E36CCB0DCA2268,
				EC7062E202E36CCB0DCA2268,
				EC7062E402E36CCB0DCA2268,
				EC7062E602E36CCB0DCA2268,
				EC7062E702E36CCB0DCA2268,
				EC7062E902E36CCB0DCA2268,
				EC7062EA02E36CCB0DCA2268,
				EC7062EC02E36CCB0DCA2268,
				EC7062ED02E36CCB0DCA2268,
				EC105C1002EC72A30DCA2268,
				ECECF75002EF53FA0DCA2268,
				0018B18F02F6E72400CA2268,
				ECE6E86502F74B340DCA2268,
				EC30CBA202F8ABC20DCA2268,
				00B710E302F9B13000CA2268,
			);
			isa = PBXHeadersBuildPhase;
			runOnlyForDeploymentPostprocessing = 0;
		};
		29B97328FDCFA39411CA2CEA = {
			buildActionMask = 2147483647;
			files = (
				080E96DCFE201CFB7F000001,
				089C165EFE840E0CC02AAC07,
				006D39C502104C7900CA2268,
				0075D62902E37B5800CA2268,
				0075D62A02E37B5800CA2268,
			);
			isa = PBXResourcesBuildPhase;
			runOnlyForDeploymentPostprocessing = 0;
		};
		29B9732BFDCFA39411CA2CEA = {
			buildActionMask = 2147483647;
			files = (
				29B9732CFDCFA39411CA2CEA,
				EC7062DC02E36CCB0DCA2268,
				EC7062DF02E36CCB0DCA2268,
				EC7062E102E36CCB0DCA2268,
				EC7062E302E36CCB0DCA2268,
				EC7062E502E36CCB0DCA2268,
				EC7062E802E36CCB0DCA2268,
				EC7062EB02E36CCB0DCA2268,
				EC7062EE02E36CCB0DCA2268,
				EC105C1102EC72A30DCA2268,
				ECECF75102EF53FA0DCA2268,
				00D5BCA702F21AFD00CA2268,
				0018B19002F6E72400CA2268,
				ECE6E86602F74B340DCA2268,
				EC30CBA302F8ABC20DCA2268,
			);
			isa = PBXSourcesBuildPhase;
			runOnlyForDeploymentPostprocessing = 0;
		};
		29B9732CFDCFA39411CA2CEA = {
			fileRef = 29B97316FDCFA39411CA2CEA;
			isa = PBXBuildFile;
			settings = {
				ATTRIBUTES = (
				);
			};
		};
		29B9732DFDCFA39411CA2CEA = {
			buildActionMask = 2147483647;
			files = (
				1058C7A3FEA54F0111CA2CBB,
				001236E302FF37C400CA2268,
			);
			isa = PBXFrameworksBuildPhase;
			runOnlyForDeploymentPostprocessing = 0;
		};
//290
//291
//292
//293
//294
//4A0
//4A1
//4A2
//4A3
//4A4
		4A9504CCFFE6A4B311CA0CBA = {
			buildRules = (
			);
			buildSettings = {
				COPY_PHASE_STRIP = NO;
				OPTIMIZATION_CFLAGS = "-O0";
			};
			isa = PBXBuildStyle;
			name = Development;
		};
		4A9504CDFFE6A4B311CA0CBA = {
			buildRules = (
			);
			buildSettings = {
				COPY_PHASE_STRIP = YES;
			};
			isa = PBXBuildStyle;
			name = Deployment;
		};
//4A0
//4A1
//4A2
//4A3
//4A4
//EC0
//EC1
//EC2
//EC3
//EC4
		EC105C0E02EC72A30DCA2268 = {
			isa = PBXFileReference;
			path = TraceBin.h;
			refType = 4;
		};
		EC105C0F02EC72A30DCA2268 = {
			isa = PBXFileReference;
			path = TraceBin.c;
			refType = 4;
		};
		EC105C1002EC72A30DCA2268 = {
			fileRef = EC105C0E02EC72A30DCA2268;
			isa = PBXBuildFile;
			settings = {
			};
		};
		EC105C1102EC72A30DCA2268 = {
			fileRef = EC105C0F02EC72A30DCA2268;
			isa = PBXBuildFile;
			settings = {
			};
		};
		EC30CBA002F8ABC20DCA2268 = {
			isa = PBXFileReference;
			path = MovingAverage.h;
			refType = 4;
		};
		EC30CBA102F8ABC20DCA2268 = {
			isa = PBXFileReference;
			path = MovingAverage.c;
			refType = 4;
		};
		EC30CBA202F8ABC20DCA2268 = {
			fileRef = EC30CBA002F8ABC20DCA2268;
			isa = PBXBuildFile;
			settings = {
			};
		};
		EC30CBA302F8ABC20DCA2268 = {
			fileRef = EC30CBA102F8ABC20DCA2268;
			isa = PBXBuildFile;
			settings = {
			};
		};
		EC7062BE02E36CCB0DCA2268 = {
			children = (
				EC7062C002E36CCB0DCA2268,
				EC7062C102E36CCB0DCA2268,
			);
			isa = PBXGroup;
			name = Application;
			path = Source/Application;
			refType = 2;
		};
		EC7062C002E36CCB0DCA2268 = {
			isa = PBXFileReference;
			path = MillionMonkeys.h;
			refType = 4;
		};
		EC7062C102E36CCB0DCA2268 = {
			isa = PBXFileReference;
			path = MillionMonkeys.m;
			refType = 4;
		};
		EC7062C202E36CCB0DCA2268 = {
			children = (
				EC7062C302E36CCB0DCA2268,
				EC7062D702E36CCB0DCA2268,
				EC7062CA02E36CCB0DCA2268,
				EC7062D002E36CCB0DCA2268,
			);
			isa = PBXGroup;
			name = Support;
			path = Source/Support;
			refType = 2;
		};
		EC7062C302E36CCB0DCA2268 = {
			children = (
				EC7062C402E36CCB0DCA2268,
				EC7062C502E36CCB0DCA2268,
				EC7062C602E36CCB0DCA2268,
				EC7062C902E36CCB0DCA2268,
				EC7062C702E36CCB0DCA2268,
				EC7062C802E36CCB0DCA2268,
			);
			isa = PBXGroup;
			path = Controller;
			refType = 4;
		};
		EC7062C402E36CCB0DCA2268 = {
			isa = PBXFileReference;
			path = ACMDataType.h;
			refType = 4;
		};
		EC7062C502E36CCB0DCA2268 = {
			isa = PBXFileReference;
			path = AudioCycleManager.h;
			refType = 4;
		};
		EC7062C602E36CCB0DCA2268 = {
			isa = PBXFileReference;
			path = AudioCycleManager.m;
			refType = 4;
		};
		EC7062C702E36CCB0DCA2268 = {
			isa = PBXFileReference;
			path = DataCollectionManager.h;
			refType = 4;
		};
		EC7062C802E36CCB0DCA2268 = {
			isa = PBXFileReference;
			path = DataCollectionManager.m;
			refType = 4;
		};
		EC7062C902E36CCB0DCA2268 = {
			isa = PBXFileReference;
			path = DCMDataType.h;
			refType = 4;
		};
		EC7062CA02E36CCB0DCA2268 = {
			children = (
				ECECF74E02EF53FA0DCA2268,
				ECECF74F02EF53FA0DCA2268,
				EC7062CE02E36CCB0DCA2268,
				EC7062CD02E36CCB0DCA2268,
				EC7062CC02E36CCB0DCA2268,
				EC7062CB02E36CCB0DCA2268,
				EC105C0E02EC72A30DCA2268,
				EC105C0F02EC72A30DCA2268,
				00AA377402EF220F00CA2268,
				EC7062CF02E36CCB0DCA2268,
				00D5BCA602F21AFD00CA2268,
				EC30CBA002F8ABC20DCA2268,
				EC30CBA102F8ABC20DCA2268,
			);
			isa = PBXGroup;
			path = Model;
			refType = 4;
		};
		EC7062CB02E36CCB0DCA2268 = {
			isa = PBXFileReference;
			path = DataBin.c;
			refType = 4;
		};
		EC7062CC02E36CCB0DCA2268 = {
			isa = PBXFileReference;
			path = DataBin.h;
			refType = 4;
		};
		EC7062CD02E36CCB0DCA2268 = {
			isa = PBXFileReference;
			path = DataBinCollection.c;
			refType = 4;
		};
		EC7062CE02E36CCB0DCA2268 = {
			isa = PBXFileReference;
			path = DataBinCollection.h;
			refType = 4;
		};
		EC7062CF02E36CCB0DCA2268 = {
			isa = PBXFileReference;
			path = DisplayPoint.h;
			refType = 4;
		};
		EC7062D002E36CCB0DCA2268 = {
			children = (
				EC7062D202E36CCB0DCA2268,
				EC7062D102E36CCB0DCA2268,
				EC7062D302E36CCB0DCA2268,
				EC7062D402E36CCB0DCA2268,
				EC7062D502E36CCB0DCA2268,
			);
			isa = PBXGroup;
			path = Utility;
			refType = 4;
		};
		EC7062D102E36CCB0DCA2268 = {
			isa = PBXFileReference;
			path = latency.c;
			refType = 4;
		};
		EC7062D202E36CCB0DCA2268 = {
			isa = PBXFileReference;
			path = latency.h;
			refType = 4;
		};
		EC7062D302E36CCB0DCA2268 = {
			isa = PBXFileReference;
			path = pThreadUtilities.h;
			refType = 4;
		};
		EC7062D402E36CCB0DCA2268 = {
			isa = PBXFileReference;
			path = pThreadUtilities.c;
			refType = 4;
		};
		EC7062D502E36CCB0DCA2268 = {
			children = (
				EC7062D602E36CCB0DCA2268,
			);
			isa = PBXGroup;
			path = sys;
			refType = 4;
		};
		EC7062D602E36CCB0DCA2268 = {
			isa = PBXFileReference;
			path = kdebug.h;
			refType = 4;
		};
		EC7062D702E36CCB0DCA2268 = {
			children = (
				EC7062D802E36CCB0DCA2268,
				EC7062D902E36CCB0DCA2268,
				0018B18D02F6E72400CA2268,
				0018B18E02F6E72400CA2268,
				ECE6E86302F74B340DCA2268,
				ECE6E86402F74B340DCA2268,
			);
			isa = PBXGroup;
			path = View;
			refType = 4;
		};
		EC7062D802E36CCB0DCA2268 = {
			isa = PBXFileReference;
			path = DataCollectionView.h;
			refType = 4;
		};
		EC7062D902E36CCB0DCA2268 = {
			isa = PBXFileReference;
			path = DataCollectionView.m;
			refType = 4;
		};
		EC7062DB02E36CCB0DCA2268 = {
			fileRef = EC7062C002E36CCB0DCA2268;
			isa = PBXBuildFile;
			settings = {
			};
		};
		EC7062DC02E36CCB0DCA2268 = {
			fileRef = EC7062C102E36CCB0DCA2268;
			isa = PBXBuildFile;
			settings = {
			};
		};
		EC7062DD02E36CCB0DCA2268 = {
			fileRef = EC7062C402E36CCB0DCA2268;
			isa = PBXBuildFile;
			settings = {
			};
		};
		EC7062DE02E36CCB0DCA2268 = {
			fileRef = EC7062C502E36CCB0DCA2268;
			isa = PBXBuildFile;
			settings = {
			};
		};
		EC7062DF02E36CCB0DCA2268 = {
			fileRef = EC7062C602E36CCB0DCA2268;
			isa = PBXBuildFile;
			settings = {
			};
		};
		EC7062E002E36CCB0DCA2268 = {
			fileRef = EC7062C702E36CCB0DCA2268;
			isa = PBXBuildFile;
			settings = {
			};
		};
		EC7062E102E36CCB0DCA2268 = {
			fileRef = EC7062C802E36CCB0DCA2268;
			isa = PBXBuildFile;
			settings = {
			};
		};
		EC7062E202E36CCB0DCA2268 = {
			fileRef = EC7062C902E36CCB0DCA2268;
			isa = PBXBuildFile;
			settings = {
			};
		};
		EC7062E302E36CCB0DCA2268 = {
			fileRef = EC7062CB02E36CCB0DCA2268;
			isa = PBXBuildFile;
			settings = {
			};
		};
		EC7062E402E36CCB0DCA2268 = {
			fileRef = EC7062CC02E36CCB0DCA2268;
			isa = PBXBuildFile;
			settings = {
			};
		};
		EC7062E502E36CCB0DCA2268 = {
			fileRef = EC7062CD02E36CCB0DCA2268;
			isa = PBXBuildFile;
			settings = {
			};
		};
		EC7062E602E36CCB0DCA2268 = {
			fileRef = EC7062CE02E36CCB0DCA2268;
			isa = PBXBuildFile;
			settings = {
			};
		};
		EC7062E702E36CCB0DCA2268 = {
			fileRef = EC7062CF02E36CCB0DCA2268;
			isa = PBXBuildFile;
			settings = {
			};
		};
		EC7062E802E36CCB0DCA2268 = {
			fileRef = EC7062D102E36CCB0DCA2268;
			isa = PBXBuildFile;
			settings = {
			};
		};
		EC7062E902E36CCB0DCA2268 = {
			fileRef = EC7062D202E36CCB0DCA2268;
			isa = PBXBuildFile;
			settings = {
			};
		};
		EC7062EA02E36CCB0DCA2268 = {
			fileRef = EC7062D302E36CCB0DCA2268;
			isa = PBXBuildFile;
			settings = {
			};
		};
		EC7062EB02E36CCB0DCA2268 = {
			fileRef = EC7062D402E36CCB0DCA2268;
			isa = PBXBuildFile;
			settings = {
			};
		};
		EC7062EC02E36CCB0DCA2268 = {
			fileRef = EC7062D602E36CCB0DCA2268;
			isa = PBXBuildFile;
			settings = {
			};
		};
		EC7062ED02E36CCB0DCA2268 = {
			fileRef = EC7062D802E36CCB0DCA2268;
			isa = PBXBuildFile;
			settings = {
			};
		};
		EC7062EE02E36CCB0DCA2268 = {
			fileRef = EC7062D902E36CCB0DCA2268;
			isa = PBXBuildFile;
			settings = {
			};
		};
		ECD7B66D01C001230DCA2268 = {
			isa = PBXFrameworkReference;
			name = CoreAudio.framework;
			path = /System/Library/Frameworks/CoreAudio.framework;
			refType = 0;
		};
		ECE6E86302F74B340DCA2268 = {
			isa = PBXFileReference;
			path = UnitsView.h;
			refType = 4;
		};
		ECE6E86402F74B340DCA2268 = {
			isa = PBXFileReference;
			path = UnitsView.m;
			refType = 4;
		};
		ECE6E86502F74B340DCA2268 = {
			fileRef = ECE6E86302F74B340DCA2268;
			isa = PBXBuildFile;
			settings = {
			};
		};
		ECE6E86602F74B340DCA2268 = {
			fileRef = ECE6E86402F74B340DCA2268;
			isa = PBXBuildFile;
			settings = {
			};
		};
		ECECF74E02EF53FA0DCA2268 = {
			isa = PBXFileReference;
			path = AudioData.h;
			refType = 4;
		};
		ECECF74F02EF53FA0DCA2268 = {
			isa = PBXFileReference;
			path = AudioData.c;
			refType = 4;
		};
		ECECF75002EF53FA0DCA2268 = {
			fileRef = ECECF74E02EF53FA0DCA2268;
			isa = PBXBuildFile;
			settings = {
			};
		};
		ECECF75102EF53FA0DCA2268 = {
			fileRef = ECECF74F02EF53FA0DCA2268;
			isa = PBXBuildFile;
			settings = {
			};
		};
	};
	rootObject = 29B97313FDCFA39411CA2CEA;
}
